
Microsoft Visual Studio Solution File, Format Version 12.00
# Visual Studio Version 17
VisualStudioVersion = 17.8.34316.72
MinimumVisualStudioVersion = 10.0.40219.1
Project("{FAE04EC0-301F-11D3-BF4B-00C04F79EFBC}") = "Generador QR", "Generador QR\Generador QR.csproj", "{EB962CC2-6691-458A-8CEF-3253683FDB1F}"
EndProject
Global
	GlobalSection(SolutionConfigurationPlatforms) = preSolution
		Debug|Any CPU = Debug|Any CPU
		Release|Any CPU = Release|Any CPU
	EndGlobalSection
	GlobalSection(ProjectConfigurationPlatforms) = postSolution
		{EB962CC2-6691-458A-8CEF-3253683FDB1F}.Debug|Any CPU.ActiveCfg = Debug|Any CPU
		{EB962CC2-6691-458A-8CEF-3253683FDB1F}.Debug|Any CPU.Build.0 = Debug|Any CPU
		{EB962CC2-6691-458A-8CEF-3253683FDB1F}.Release|Any CPU.ActiveCfg = Release|Any CPU
		{EB962CC2-6691-458A-8CEF-3253683FDB1F}.Release|Any CPU.Build.0 = Release|Any CPU
	EndGlobalSection
	GlobalSection(SolutionProperties) = preSolution
		HideSolutionNode = FALSE
	EndGlobalSection
	GlobalSection(ExtensibilityGlobals) = postSolution
		SolutionGuid = {D49B0520-1957-49E7-8318-10AE08A1665E}
	EndGlobalSection
EndGlobal
